
Microsoft Visual Studio Solution File, Format Version 12.00
# Visual Studio Version 16
VisualStudioVersion = 16.0.31205.134
MinimumVisualStudioVersion = 10.0.40219.1
Project("{FAE04EC0-301F-11D3-BF4B-00C04F79EFBC}") = "Scheduler", "Scheduler\Scheduler.csproj", "{6EEA4BB7-B7FC-448B-88FF-178620F8E28F}"
EndProject
Global
	GlobalSection(SolutionConfigurationPlatforms) = preSolution
		Debug|Any CPU = Debug|Any CPU
		Release|Any CPU = Release|Any CPU
	EndGlobalSection
	GlobalSection(ProjectConfigurationPlatforms) = postSolution
		{6EEA4BB7-B7FC-448B-88FF-178620F8E28F}.Debug|Any CPU.ActiveCfg = Debug|Any CPU
		{6EEA4BB7-B7FC-448B-88FF-178620F8E28F}.Debug|Any CPU.Build.0 = Debug|Any CPU
		{6EEA4BB7-B7FC-448B-88FF-178620F8E28F}.Release|Any CPU.ActiveCfg = Release|Any CPU
		{6EEA4BB7-B7FC-448B-88FF-178620F8E28F}.Release|Any CPU.Build.0 = Release|Any CPU
	EndGlobalSection
	GlobalSection(SolutionProperties) = preSolution
		HideSolutionNode = FALSE
	EndGlobalSection
	GlobalSection(ExtensibilityGlobals) = postSolution
		SolutionGuid = {7B61617A-0A10-4CD9-A2CD-AA76D4025045}
	EndGlobalSection
EndGlobal
